
Microsoft Visual Studio Solution File, Format Version 12.00
# Visual Studio Version 17
VisualStudioVersion = 17.3.32811.315
MinimumVisualStudioVersion = 10.0.40219.1
Project("{9A19103F-16F7-4668-BE54-9A1E7A4F7556}") = "ValidationSample", "ValidationSample\ValidationSample.csproj", "{60CD5F4B-8D8E-49A6-8B4F-22F5A003F72F}"
EndProject
Project("{9A19103F-16F7-4668-BE54-9A1E7A4F7556}") = "ValidationSample.Shared", "ValidationSample.Shared\ValidationSample.Shared.csproj", "{8636A0AF-C34E-4CAE-89E8-018C75A42D0C}"
EndProject
Project("{9A19103F-16F7-4668-BE54-9A1E7A4F7556}") = "ValidationSample.BusinessLayer", "ValidationSample.BusinessLayer\ValidationSample.BusinessLayer.csproj", "{5F621B8E-B779-425B-97AB-C0E541DF4921}"
EndProject
Project("{2150E333-8FDC-42A3-9474-1A3956D46DE8}") = "Solution Items", "Solution Items", "{0C82CC71-2559-40F4-B317-D4C025517ACB}"
	ProjectSection(SolutionItems) = preProject
		.editorconfig = .editorconfig
	EndProjectSection
EndProject
Global
	GlobalSection(SolutionConfigurationPlatforms) = preSolution
		Debug|Any CPU = Debug|Any CPU
		Release|Any CPU = Release|Any CPU
	EndGlobalSection
	GlobalSection(ProjectConfigurationPlatforms) = postSolution
		{60CD5F4B-8D8E-49A6-8B4F-22F5A003F72F}.Debug|Any CPU.ActiveCfg = Debug|Any CPU
		{60CD5F4B-8D8E-49A6-8B4F-22F5A003F72F}.Debug|Any CPU.Build.0 = Debug|Any CPU
		{60CD5F4B-8D8E-49A6-8B4F-22F5A003F72F}.Release|Any CPU.ActiveCfg = Release|Any CPU
		{60CD5F4B-8D8E-49A6-8B4F-22F5A003F72F}.Release|Any CPU.Build.0 = Release|Any CPU
		{8636A0AF-C34E-4CAE-89E8-018C75A42D0C}.Debug|Any CPU.ActiveCfg = Debug|Any CPU
		{8636A0AF-C34E-4CAE-89E8-018C75A42D0C}.Debug|Any CPU.Build.0 = Debug|Any CPU
		{8636A0AF-C34E-4CAE-89E8-018C75A42D0C}.Release|Any CPU.ActiveCfg = Release|Any CPU
		{8636A0AF-C34E-4CAE-89E8-018C75A42D0C}.Release|Any CPU.Build.0 = Release|Any CPU
		{5F621B8E-B779-425B-97AB-C0E541DF4921}.Debug|Any CPU.ActiveCfg = Debug|Any CPU
		{5F621B8E-B779-425B-97AB-C0E541DF4921}.Debug|Any CPU.Build.0 = Debug|Any CPU
		{5F621B8E-B779-425B-97AB-C0E541DF4921}.Release|Any CPU.ActiveCfg = Release|Any CPU
		{5F621B8E-B779-425B-97AB-C0E541DF4921}.Release|Any CPU.Build.0 = Release|Any CPU
	EndGlobalSection
	GlobalSection(SolutionProperties) = preSolution
		HideSolutionNode = FALSE
	EndGlobalSection
	GlobalSection(ExtensibilityGlobals) = postSolution
		SolutionGuid = {D60A3431-B4C5-4D19-BC1A-B3FBB07DF140}
	EndGlobalSection
EndGlobal
